
Microsoft Visual Studio Solution File, Format Version 12.00
# Visual Studio 15
VisualStudioVersion = 15.0.26730.15
MinimumVisualStudioVersion = 10.0.40219.1
Project("{FAE04EC0-301F-11D3-BF4B-00C04F79EFBC}") = "ShapeAreaCalculation", "ShapeAreaCalculation\ShapeAreaCalculation.csproj", "{A5D75675-4B44-4A35-BD64-5EE268A850EA}"
EndProject
Project("{FAE04EC0-301F-11D3-BF4B-00C04F79EFBC}") = "TestCasesForShapeAreaCalculation", "TestCasesForShapeAreaCalculation\TestCasesForShapeAreaCalculation.csproj", "{3D34A2ED-7F84-4748-91AE-8755B67AA990}"
EndProject
Global
	GlobalSection(SolutionConfigurationPlatforms) = preSolution
		Debug|Any CPU = Debug|Any CPU
		Release|Any CPU = Release|Any CPU
	EndGlobalSection
	GlobalSection(ProjectConfigurationPlatforms) = postSolution
		{A5D75675-4B44-4A35-BD64-5EE268A850EA}.Debug|Any CPU.ActiveCfg = Debug|Any CPU
		{A5D75675-4B44-4A35-BD64-5EE268A850EA}.Debug|Any CPU.Build.0 = Debug|Any CPU
		{A5D75675-4B44-4A35-BD64-5EE268A850EA}.Release|Any CPU.ActiveCfg = Release|Any CPU
		{A5D75675-4B44-4A35-BD64-5EE268A850EA}.Release|Any CPU.Build.0 = Release|Any CPU
		{3D34A2ED-7F84-4748-91AE-8755B67AA990}.Debug|Any CPU.ActiveCfg = Debug|Any CPU
		{3D34A2ED-7F84-4748-91AE-8755B67AA990}.Debug|Any CPU.Build.0 = Debug|Any CPU
		{3D34A2ED-7F84-4748-91AE-8755B67AA990}.Release|Any CPU.ActiveCfg = Release|Any CPU
		{3D34A2ED-7F84-4748-91AE-8755B67AA990}.Release|Any CPU.Build.0 = Release|Any CPU
	EndGlobalSection
	GlobalSection(SolutionProperties) = preSolution
		HideSolutionNode = FALSE
	EndGlobalSection
	GlobalSection(ExtensibilityGlobals) = postSolution
		SolutionGuid = {5489DB3F-6B28-4B01-AD6D-107944434D58}
	EndGlobalSection
EndGlobal
